
Microsoft Visual Studio Solution File, Format Version 12.00
# Visual Studio 2013
VisualStudioVersion = 12.0.21005.1
MinimumVisualStudioVersion = 10.0.40219.1
Project("{FAE04EC0-301F-11D3-BF4B-00C04F79EFBC}") = "UI_QUANLYNHANSU", "UI_QUANLYNHANSU\UI_QUANLYNHANSU.csproj", "{50215660-A74D-4284-B532-E0A5724B4B1D}"
EndProject
Project("{FAE04EC0-301F-11D3-BF4B-00C04F79EFBC}") = "Entities", "Entities\Entities.csproj", "{046909B8-DE33-4581-916C-B999E2081FEC}"
EndProject
Project("{FAE04EC0-301F-11D3-BF4B-00C04F79EFBC}") = "DAL", "DAL\DAL.csproj", "{DF62D72F-FE6D-404B-932D-7095E1872B8E}"
EndProject
Project("{FAE04EC0-301F-11D3-BF4B-00C04F79EFBC}") = "BUS", "BUS\BUS.csproj", "{8FDD7EA1-34CB-4425-AF74-403066521008}"
EndProject
Global
	GlobalSection(SolutionConfigurationPlatforms) = preSolution
		Debug|Any CPU = Debug|Any CPU
		Release|Any CPU = Release|Any CPU
	EndGlobalSection
	GlobalSection(ProjectConfigurationPlatforms) = postSolution
		{50215660-A74D-4284-B532-E0A5724B4B1D}.Debug|Any CPU.ActiveCfg = Debug|Any CPU
		{50215660-A74D-4284-B532-E0A5724B4B1D}.Debug|Any CPU.Build.0 = Debug|Any CPU
		{50215660-A74D-4284-B532-E0A5724B4B1D}.Release|Any CPU.ActiveCfg = Release|Any CPU
		{50215660-A74D-4284-B532-E0A5724B4B1D}.Release|Any CPU.Build.0 = Release|Any CPU
		{046909B8-DE33-4581-916C-B999E2081FEC}.Debug|Any CPU.ActiveCfg = Debug|Any CPU
		{046909B8-DE33-4581-916C-B999E2081FEC}.Debug|Any CPU.Build.0 = Debug|Any CPU
		{046909B8-DE33-4581-916C-B999E2081FEC}.Release|Any CPU.ActiveCfg = Release|Any CPU
		{046909B8-DE33-4581-916C-B999E2081FEC}.Release|Any CPU.Build.0 = Release|Any CPU
		{DF62D72F-FE6D-404B-932D-7095E1872B8E}.Debug|Any CPU.ActiveCfg = Debug|Any CPU
		{DF62D72F-FE6D-404B-932D-7095E1872B8E}.Debug|Any CPU.Build.0 = Debug|Any CPU
		{DF62D72F-FE6D-404B-932D-7095E1872B8E}.Release|Any CPU.ActiveCfg = Release|Any CPU
		{DF62D72F-FE6D-404B-932D-7095E1872B8E}.Release|Any CPU.Build.0 = Release|Any CPU
		{8FDD7EA1-34CB-4425-AF74-403066521008}.Debug|Any CPU.ActiveCfg = Debug|Any CPU
		{8FDD7EA1-34CB-4425-AF74-403066521008}.Debug|Any CPU.Build.0 = Debug|Any CPU
		{8FDD7EA1-34CB-4425-AF74-403066521008}.Release|Any CPU.ActiveCfg = Release|Any CPU
		{8FDD7EA1-34CB-4425-AF74-403066521008}.Release|Any CPU.Build.0 = Release|Any CPU
	EndGlobalSection
	GlobalSection(SolutionProperties) = preSolution
		HideSolutionNode = FALSE
	EndGlobalSection
EndGlobal
